
Microsoft Visual Studio Solution File, Format Version 12.00
# Visual Studio Version 16
VisualStudioVersion = 16.0.28922.388
MinimumVisualStudioVersion = 10.0.40219.1
Project("{9A19103F-16F7-4668-BE54-9A1E7A4F7556}") = "UnderdarkSewer", "UnderdarkSewer\UnderdarkSewer.csproj", "{F6BCA555-7733-48D9-AAD1-E3597EAC4BB5}"
EndProject
Global
	GlobalSection(SolutionConfigurationPlatforms) = preSolution
		Debug|Any CPU = Debug|Any CPU
		Release|Any CPU = Release|Any CPU
	EndGlobalSection
	GlobalSection(ProjectConfigurationPlatforms) = postSolution
		{F6BCA555-7733-48D9-AAD1-E3597EAC4BB5}.Debug|Any CPU.ActiveCfg = Debug|x86
		{F6BCA555-7733-48D9-AAD1-E3597EAC4BB5}.Release|Any CPU.ActiveCfg = Release|x86
	EndGlobalSection
	GlobalSection(SolutionProperties) = preSolution
		HideSolutionNode = FALSE
	EndGlobalSection
	GlobalSection(ExtensibilityGlobals) = postSolution
		SolutionGuid = {F36F2DB2-A00D-4EFF-8487-AF9281E2CB4C}
	EndGlobalSection
EndGlobal
